
Microsoft Visual Studio Solution File, Format Version 12.00
# Visual Studio Version 17
VisualStudioVersion = 17.10.35122.118
MinimumVisualStudioVersion = 10.0.40219.1
Project("{2150E333-8FDC-42A3-9474-1A3956D46DE8}") = "Core", "Core", "{849BAA91-D422-496A-9503-40761257982C}"
EndProject
Project("{2150E333-8FDC-42A3-9474-1A3956D46DE8}") = "Infrastructure", "Infrastructure", "{E8BC623B-6264-4D83-8F40-8EF754C8AC64}"
EndProject
Project("{2150E333-8FDC-42A3-9474-1A3956D46DE8}") = "Presentation", "Presentation", "{0C074EB4-B59D-4CFC-A948-864C33528A0A}"
EndProject
Project("{FAE04EC0-301F-11D3-BF4B-00C04F79EFBC}") = "KocCoAPI.Application", "Core\KocCoAPI.Application\KocCoAPI.Application.csproj", "{7CCFF5F2-66FE-4BCC-A16E-162B52B7A4A0}"
EndProject
Project("{FAE04EC0-301F-11D3-BF4B-00C04F79EFBC}") = "KocCoAPI.Domain", "Core\KocCoAPI.Domain\KocCoAPI.Domain.csproj", "{EDEC4161-FE80-48C7-B395-6BC6997F332F}"
EndProject
Project("{FAE04EC0-301F-11D3-BF4B-00C04F79EFBC}") = "KocCoAPI.Infrastructure", "Infrastructure\KocCoAPI.Infrastructure\KocCoAPI.Infrastructure.csproj", "{A4288670-3408-40E1-B580-271634F8C0A7}"
EndProject
Project("{FAE04EC0-301F-11D3-BF4B-00C04F79EFBC}") = "KocCoAPI.API", "KocCoAPI.API\KocCoAPI.API.csproj", "{4B2C1EFF-0F9E-4295-905E-2790283E9986}"
EndProject
Global
	GlobalSection(SolutionConfigurationPlatforms) = preSolution
		Debug|Any CPU = Debug|Any CPU
		Release|Any CPU = Release|Any CPU
	EndGlobalSection
	GlobalSection(ProjectConfigurationPlatforms) = postSolution
		{7CCFF5F2-66FE-4BCC-A16E-162B52B7A4A0}.Debug|Any CPU.ActiveCfg = Debug|Any CPU
		{7CCFF5F2-66FE-4BCC-A16E-162B52B7A4A0}.Debug|Any CPU.Build.0 = Debug|Any CPU
		{7CCFF5F2-66FE-4BCC-A16E-162B52B7A4A0}.Release|Any CPU.ActiveCfg = Release|Any CPU
		{7CCFF5F2-66FE-4BCC-A16E-162B52B7A4A0}.Release|Any CPU.Build.0 = Release|Any CPU
		{EDEC4161-FE80-48C7-B395-6BC6997F332F}.Debug|Any CPU.ActiveCfg = Debug|Any CPU
		{EDEC4161-FE80-48C7-B395-6BC6997F332F}.Debug|Any CPU.Build.0 = Debug|Any CPU
		{EDEC4161-FE80-48C7-B395-6BC6997F332F}.Release|Any CPU.ActiveCfg = Release|Any CPU
		{EDEC4161-FE80-48C7-B395-6BC6997F332F}.Release|Any CPU.Build.0 = Release|Any CPU
		{A4288670-3408-40E1-B580-271634F8C0A7}.Debug|Any CPU.ActiveCfg = Debug|Any CPU
		{A4288670-3408-40E1-B580-271634F8C0A7}.Debug|Any CPU.Build.0 = Debug|Any CPU
		{A4288670-3408-40E1-B580-271634F8C0A7}.Release|Any CPU.ActiveCfg = Release|Any CPU
		{A4288670-3408-40E1-B580-271634F8C0A7}.Release|Any CPU.Build.0 = Release|Any CPU
		{4B2C1EFF-0F9E-4295-905E-2790283E9986}.Debug|Any CPU.ActiveCfg = Debug|Any CPU
		{4B2C1EFF-0F9E-4295-905E-2790283E9986}.Debug|Any CPU.Build.0 = Debug|Any CPU
		{4B2C1EFF-0F9E-4295-905E-2790283E9986}.Release|Any CPU.ActiveCfg = Release|Any CPU
		{4B2C1EFF-0F9E-4295-905E-2790283E9986}.Release|Any CPU.Build.0 = Release|Any CPU
	EndGlobalSection
	GlobalSection(SolutionProperties) = preSolution
		HideSolutionNode = FALSE
	EndGlobalSection
	GlobalSection(NestedProjects) = preSolution
		{7CCFF5F2-66FE-4BCC-A16E-162B52B7A4A0} = {849BAA91-D422-496A-9503-40761257982C}
		{EDEC4161-FE80-48C7-B395-6BC6997F332F} = {849BAA91-D422-496A-9503-40761257982C}
		{A4288670-3408-40E1-B580-271634F8C0A7} = {E8BC623B-6264-4D83-8F40-8EF754C8AC64}
		{4B2C1EFF-0F9E-4295-905E-2790283E9986} = {0C074EB4-B59D-4CFC-A948-864C33528A0A}
	EndGlobalSection
	GlobalSection(ExtensibilityGlobals) = postSolution
		SolutionGuid = {7CA83E69-E7A7-4388-B0E6-5B4F5B95BE94}
	EndGlobalSection
EndGlobal
